
Microsoft Visual Studio Solution File, Format Version 12.00
# Visual Studio Version 17
VisualStudioVersion = 17.6.33723.286
MinimumVisualStudioVersion = 10.0.40219.1
Project("{9A19103F-16F7-4668-BE54-9A1E7A4F7556}") = "DirWatcher", "DirWatcher\DirWatcher.csproj", "{2B1CCDC6-DFDF-4263-935F-793B4E6F5AA8}"
EndProject
Project("{54435603-DBB4-11D2-8724-00A0C9A8B90C}") = "Setup", "Setup\Setup.vdproj", "{1B39411D-1E7F-4201-8585-5E8FACF9A826}"
EndProject
Global
	GlobalSection(SolutionConfigurationPlatforms) = preSolution
		Debug|Any CPU = Debug|Any CPU
		Debug|x64 = Debug|x64
		Release|Any CPU = Release|Any CPU
		Release|x64 = Release|x64
	EndGlobalSection
	GlobalSection(ProjectConfigurationPlatforms) = postSolution
		{2B1CCDC6-DFDF-4263-935F-793B4E6F5AA8}.Debug|Any CPU.ActiveCfg = Debug|Any CPU
		{2B1CCDC6-DFDF-4263-935F-793B4E6F5AA8}.Debug|Any CPU.Build.0 = Debug|Any CPU
		{2B1CCDC6-DFDF-4263-935F-793B4E6F5AA8}.Debug|x64.ActiveCfg = Debug|x64
		{2B1CCDC6-DFDF-4263-935F-793B4E6F5AA8}.Debug|x64.Build.0 = Debug|x64
		{2B1CCDC6-DFDF-4263-935F-793B4E6F5AA8}.Release|Any CPU.ActiveCfg = Release|Any CPU
		{2B1CCDC6-DFDF-4263-935F-793B4E6F5AA8}.Release|Any CPU.Build.0 = Release|Any CPU
		{2B1CCDC6-DFDF-4263-935F-793B4E6F5AA8}.Release|x64.ActiveCfg = Release|x64
		{2B1CCDC6-DFDF-4263-935F-793B4E6F5AA8}.Release|x64.Build.0 = Release|x64
		{1B39411D-1E7F-4201-8585-5E8FACF9A826}.Debug|Any CPU.ActiveCfg = Debug
		{1B39411D-1E7F-4201-8585-5E8FACF9A826}.Debug|x64.ActiveCfg = Debug
		{1B39411D-1E7F-4201-8585-5E8FACF9A826}.Debug|x64.Build.0 = Debug
		{1B39411D-1E7F-4201-8585-5E8FACF9A826}.Release|Any CPU.ActiveCfg = Release
		{1B39411D-1E7F-4201-8585-5E8FACF9A826}.Release|Any CPU.Build.0 = Release
		{1B39411D-1E7F-4201-8585-5E8FACF9A826}.Release|x64.ActiveCfg = Release
		{1B39411D-1E7F-4201-8585-5E8FACF9A826}.Release|x64.Build.0 = Release
	EndGlobalSection
	GlobalSection(SolutionProperties) = preSolution
		HideSolutionNode = FALSE
	EndGlobalSection
	GlobalSection(ExtensibilityGlobals) = postSolution
		SolutionGuid = {425041CA-CABB-4568-B644-403B7E8E8084}
	EndGlobalSection
EndGlobal
